<?xml version="1.0" encoding="utf-8"?>
<Project ToolsVersion="4.0" xmlns="http://schemas.microsoft.com/developer/msbuild/2003">
  <ItemGroup>
    <Filter Include="Resource Files">
      <UniqueIdentifier>{67DA6AB6-F800-4c08-8B7A-83BB121AAD01}</UniqueIdentifier>
      <Extensions>rc;ico;cur;bmp;dlg;rc2;rct;bin;rgs;gif;jpg;jpeg;jpe;resx;tiff;tif;png;wav;mfcribbon-ms</Extensions>
    </Filter>
    <Filter Include="Core">
      <UniqueIdentifier>{f8ed1386-e6f4-46e1-8c62-931842e20ec0}</UniqueIdentifier>
    </Filter>
    <Filter Include="Common">
      <UniqueIdentifier>{18560b5a-8597-4072-8fa9-3dbf48630080}</UniqueIdentifier>
    </Filter>
    <Filter Include="Components">
      <UniqueIdentifier>{4d115809-ba76-4281-81f6-77f2d013d574}</UniqueIdentifier>
    </Filter>
    <Filter Include="Systems">
      <UniqueIdentifier>{9ee44d5b-0e49-4fc5-802b-6deb8e88a852}</UniqueIdentifier>
    </Filter>
  </ItemGroup>
  <ItemGroup>
    <ClCompile Include="Core\AssetManager.cpp">
      <Filter>Core</Filter>
    </ClCompile>
    <ClCompile Include="Core\EntityManager.cpp">
      <Filter>Core</Filter>
    </ClCompile>
    <ClCompile Include="Core\GameEngine.cpp">
      <Filter>Core</Filter>
    </ClCompile>
    <ClCompile Include="Core\SceneManager.cpp">
      <Filter>Core</Filter>
    </ClCompile>
    <ClCompile Include="Common\Animation.cpp">
      <Filter>Common</Filter>
    </ClCompile>
    <ClCompile Include="Common\Scene.cpp">
      <Filter>Common</Filter>
    </ClCompile>
    <ClCompile Include="Common\Texture.cpp">
      <Filter>Common</Filter>
    </ClCompile>
    <ClCompile Include="FinnKaiGame.cpp" />
    <ClCompile Include="TestScene.cpp" />
    <ClCompile Include="Systems\TestAnimationSystem.cpp">
      <Filter>Systems</Filter>
    </ClCompile>
    <ClCompile Include="Systems\TestCollisionSystem.cpp">
      <Filter>Systems</Filter>
    </ClCompile>
    <ClCompile Include="Systems\TestInputSystem.cpp">
      <Filter>Systems</Filter>
    </ClCompile>
    <ClCompile Include="Systems\TestRenderSystem.cpp">
      <Filter>Systems</Filter>
    </ClCompile>
    <ClCompile Include="Systems\TestSystem.cpp">
      <Filter>Systems</Filter>
    </ClCompile>
  </ItemGroup>
  <ItemGroup>
    <ClInclude Include="Core\SceneManager.h">
      <Filter>Core</Filter>
    </ClInclude>
    <ClInclude Include="Core\EntityManager.h">
      <Filter>Core</Filter>
    </ClInclude>
    <ClInclude Include="Core\GameEngine.h">
      <Filter>Core</Filter>
    </ClInclude>
    <ClInclude Include="Core\AssetManager.h">
      <Filter>Core</Filter>
    </ClInclude>
    <ClInclude Include="Common\Animation.h">
      <Filter>Common</Filter>
    </ClInclude>
    <ClInclude Include="Common\Entity.h">
      <Filter>Common</Filter>
    </ClInclude>
    <ClInclude Include="Common\ICommand.h">
      <Filter>Common</Filter>
    </ClInclude>
    <ClInclude Include="Common\IComponent.h">
      <Filter>Common</Filter>
    </ClInclude>
    <ClInclude Include="Common\ISystem.h">
      <Filter>Common</Filter>
    </ClInclude>
    <ClInclude Include="Common\Scene.h">
      <Filter>Common</Filter>
    </ClInclude>
    <ClInclude Include="Common\Texture.h">
      <Filter>Common</Filter>
    </ClInclude>
    <ClInclude Include="TestScene.h" />
    <ClInclude Include="Components\AnimationComponent.h">
      <Filter>Components</Filter>
    </ClInclude>
    <ClInclude Include="Components\BoundingBoxComponent.h">
      <Filter>Components</Filter>
    </ClInclude>
    <ClInclude Include="Components\GravityComponent.h">
      <Filter>Components</Filter>
    </ClInclude>
    <ClInclude Include="Components\InputComponent.h">
      <Filter>Components</Filter>
    </ClInclude>
    <ClInclude Include="Components\LifeSpanComponent.h">
      <Filter>Components</Filter>
    </ClInclude>
    <ClInclude Include="Components\StateComponent.h">
      <Filter>Components</Filter>
    </ClInclude>
    <ClInclude Include="Components\TransformComponent.h">
      <Filter>Components</Filter>
    </ClInclude>
    <ClInclude Include="Systems\TestAnimationSystem.h">
      <Filter>Systems</Filter>
    </ClInclude>
    <ClInclude Include="Systems\TestCollisionSystem.h">
      <Filter>Systems</Filter>
    </ClInclude>
    <ClInclude Include="Systems\TestInputSystem.h">
      <Filter>Systems</Filter>
    </ClInclude>
    <ClInclude Include="Systems\TestMovementSystem.h">
      <Filter>Systems</Filter>
    </ClInclude>
    <ClInclude Include="Systems\TestRenderSystem.h">
      <Filter>Systems</Filter>
    </ClInclude>
    <ClInclude Include="Systems\TestSystem.h">
      <Filter>Systems</Filter>
    </ClInclude>
  </ItemGroup>
  <ItemGroup>
    <Image Include="Assets\kai.png">
      <Filter>Resource Files</Filter>
    </Image>
  </ItemGroup>
  <ItemGroup>
    <Text Include="config.txt" />
  </ItemGroup>
</Project>